
Microsoft Visual Studio Solution File, Format Version 12.00
# Visual Studio Version 17
VisualStudioVersion = 17.10.35122.118
MinimumVisualStudioVersion = 10.0.40219.1
Project("{9A19103F-16F7-4668-BE54-9A1E7A4F7556}") = "MJ_Proc_Gen", "MJ_Proc_Gen.csproj", "{B4603478-E959-4FA1-9268-2C0EFECCA44B}"
EndProject
Global
	GlobalSection(SolutionConfigurationPlatforms) = preSolution
		Debug|Any CPU = Debug|Any CPU
		Release|Any CPU = Release|Any CPU
	EndGlobalSection
	GlobalSection(ProjectConfigurationPlatforms) = postSolution
		{B4603478-E959-4FA1-9268-2C0EFECCA44B}.Debug|Any CPU.ActiveCfg = Debug|Any CPU
		{B4603478-E959-4FA1-9268-2C0EFECCA44B}.Debug|Any CPU.Build.0 = Debug|Any CPU
		{B4603478-E959-4FA1-9268-2C0EFECCA44B}.Release|Any CPU.ActiveCfg = Release|Any CPU
		{B4603478-E959-4FA1-9268-2C0EFECCA44B}.Release|Any CPU.Build.0 = Release|Any CPU
	EndGlobalSection
	GlobalSection(SolutionProperties) = preSolution
		HideSolutionNode = FALSE
	EndGlobalSection
	GlobalSection(ExtensibilityGlobals) = postSolution
		SolutionGuid = {C5F44FFC-1C11-4263-88D0-EAFD0326ACE2}
	EndGlobalSection
EndGlobal
